
Microsoft Visual Studio Solution File, Format Version 12.00
# Visual Studio 14
VisualStudioVersion = 14.0.25420.1
MinimumVisualStudioVersion = 10.0.40219.1
Project("{FAE04EC0-301F-11D3-BF4B-00C04F79EFBC}") = "AudioVideoIVRSample", "AudioVideoIVRSample\AudioVideoIVRSample.csproj", "{73030DB3-A685-47DC-B5BB-D54B294B7BE4}"
EndProject
Project("{FAE04EC0-301F-11D3-BF4B-00C04F79EFBC}") = "QuickSamplesCommon", "QuickSamplesCommon\QuickSamplesCommon.csproj", "{F62716B7-64F4-46C5-A217-540B8576458B}"
EndProject
Global
	GlobalSection(SolutionConfigurationPlatforms) = preSolution
		Debug|Any CPU = Debug|Any CPU
		Debug|x64 = Debug|x64
		Release|Any CPU = Release|Any CPU
		Release|x64 = Release|x64
	EndGlobalSection
	GlobalSection(ProjectConfigurationPlatforms) = postSolution
		{73030DB3-A685-47DC-B5BB-D54B294B7BE4}.Debug|Any CPU.ActiveCfg = Debug|Any CPU
		{73030DB3-A685-47DC-B5BB-D54B294B7BE4}.Debug|Any CPU.Build.0 = Debug|Any CPU
		{73030DB3-A685-47DC-B5BB-D54B294B7BE4}.Debug|x64.ActiveCfg = Debug|x64
		{73030DB3-A685-47DC-B5BB-D54B294B7BE4}.Debug|x64.Build.0 = Debug|x64
		{73030DB3-A685-47DC-B5BB-D54B294B7BE4}.Release|Any CPU.ActiveCfg = Release|Any CPU
		{73030DB3-A685-47DC-B5BB-D54B294B7BE4}.Release|Any CPU.Build.0 = Release|Any CPU
		{73030DB3-A685-47DC-B5BB-D54B294B7BE4}.Release|x64.ActiveCfg = Release|x64
		{73030DB3-A685-47DC-B5BB-D54B294B7BE4}.Release|x64.Build.0 = Release|x64
		{F62716B7-64F4-46C5-A217-540B8576458B}.Debug|Any CPU.ActiveCfg = Debug|Any CPU
		{F62716B7-64F4-46C5-A217-540B8576458B}.Debug|Any CPU.Build.0 = Debug|Any CPU
		{F62716B7-64F4-46C5-A217-540B8576458B}.Debug|x64.ActiveCfg = Debug|Any CPU
		{F62716B7-64F4-46C5-A217-540B8576458B}.Debug|x64.Build.0 = Debug|Any CPU
		{F62716B7-64F4-46C5-A217-540B8576458B}.Release|Any CPU.ActiveCfg = Release|Any CPU
		{F62716B7-64F4-46C5-A217-540B8576458B}.Release|Any CPU.Build.0 = Release|Any CPU
		{F62716B7-64F4-46C5-A217-540B8576458B}.Release|x64.ActiveCfg = Release|Any CPU
		{F62716B7-64F4-46C5-A217-540B8576458B}.Release|x64.Build.0 = Release|Any CPU
	EndGlobalSection
	GlobalSection(SolutionProperties) = preSolution
		HideSolutionNode = FALSE
	EndGlobalSection
EndGlobal
